
Microsoft Visual Studio Solution File, Format Version 12.00
# Visual Studio Version 16
VisualStudioVersion = 16.0.28729.10
MinimumVisualStudioVersion = 10.0.40219.1
Project("{FAE04EC0-301F-11D3-BF4B-00C04F79EFBC}") = "static-polymophism", "static-polymophism\static-polymophism.csproj", "{0489A016-36B7-4E80-9234-86975B03F623}"
EndProject
Global
	GlobalSection(SolutionConfigurationPlatforms) = preSolution
		Debug|Any CPU = Debug|Any CPU
		Release|Any CPU = Release|Any CPU
	EndGlobalSection
	GlobalSection(ProjectConfigurationPlatforms) = postSolution
		{0489A016-36B7-4E80-9234-86975B03F623}.Debug|Any CPU.ActiveCfg = Debug|Any CPU
		{0489A016-36B7-4E80-9234-86975B03F623}.Debug|Any CPU.Build.0 = Debug|Any CPU
		{0489A016-36B7-4E80-9234-86975B03F623}.Release|Any CPU.ActiveCfg = Release|Any CPU
		{0489A016-36B7-4E80-9234-86975B03F623}.Release|Any CPU.Build.0 = Release|Any CPU
	EndGlobalSection
	GlobalSection(SolutionProperties) = preSolution
		HideSolutionNode = FALSE
	EndGlobalSection
	GlobalSection(ExtensibilityGlobals) = postSolution
		SolutionGuid = {4E1F37C1-21BC-4F4B-AB92-41C3F7A10893}
	EndGlobalSection
EndGlobal
